
Microsoft Visual Studio Solution File, Format Version 12.00
# Visual Studio Version 16
VisualStudioVersion = 16.0.31911.196
MinimumVisualStudioVersion = 10.0.40219.1
Project("{FAE04EC0-301F-11D3-BF4B-00C04F79EFBC}") = "Задание 20", "Задание 20\Задание 20.csproj", "{B619DE0C-7CDA-4740-B4DD-BA8914A59AA0}"
EndProject
Global
	GlobalSection(SolutionConfigurationPlatforms) = preSolution
		Debug|Any CPU = Debug|Any CPU
		Release|Any CPU = Release|Any CPU
	EndGlobalSection
	GlobalSection(ProjectConfigurationPlatforms) = postSolution
		{B619DE0C-7CDA-4740-B4DD-BA8914A59AA0}.Debug|Any CPU.ActiveCfg = Debug|Any CPU
		{B619DE0C-7CDA-4740-B4DD-BA8914A59AA0}.Debug|Any CPU.Build.0 = Debug|Any CPU
		{B619DE0C-7CDA-4740-B4DD-BA8914A59AA0}.Release|Any CPU.ActiveCfg = Release|Any CPU
		{B619DE0C-7CDA-4740-B4DD-BA8914A59AA0}.Release|Any CPU.Build.0 = Release|Any CPU
	EndGlobalSection
	GlobalSection(SolutionProperties) = preSolution
		HideSolutionNode = FALSE
	EndGlobalSection
	GlobalSection(ExtensibilityGlobals) = postSolution
		SolutionGuid = {4E9BA5B2-2EE7-4D13-9C64-D8DFD85C80E3}
	EndGlobalSection
EndGlobal
